
Microsoft Visual Studio Solution File, Format Version 12.00
# Visual Studio Version 17
VisualStudioVersion = 17.1.32319.34
MinimumVisualStudioVersion = 10.0.40219.1
Project("{9A19103F-16F7-4668-BE54-9A1E7A4F7556}") = "BlazorCRUD.UI", "BlazorCRUD.UI\BlazorCRUD.UI.csproj", "{D11C9211-6CC1-4BDD-B76D-74007D30A59D}"
EndProject
Project("{9A19103F-16F7-4668-BE54-9A1E7A4F7556}") = "BlazorCrud.Model", "BlazorCrud.Model\BlazorCrud.Model.csproj", "{7A411E3E-47D7-44FB-B8AA-FD37A9322165}"
EndProject
Project("{9A19103F-16F7-4668-BE54-9A1E7A4F7556}") = "BlazorCRUD.Data.Dapper", "BlazorCRUD.Data.Dapper\BlazorCRUD.Data.Dapper.csproj", "{45AF164F-9842-4420-94BE-C468E51073B2}"
EndProject
Global
	GlobalSection(SolutionConfigurationPlatforms) = preSolution
		Debug|Any CPU = Debug|Any CPU
		Release|Any CPU = Release|Any CPU
	EndGlobalSection
	GlobalSection(ProjectConfigurationPlatforms) = postSolution
		{D11C9211-6CC1-4BDD-B76D-74007D30A59D}.Debug|Any CPU.ActiveCfg = Debug|Any CPU
		{D11C9211-6CC1-4BDD-B76D-74007D30A59D}.Debug|Any CPU.Build.0 = Debug|Any CPU
		{D11C9211-6CC1-4BDD-B76D-74007D30A59D}.Release|Any CPU.ActiveCfg = Release|Any CPU
		{D11C9211-6CC1-4BDD-B76D-74007D30A59D}.Release|Any CPU.Build.0 = Release|Any CPU
		{7A411E3E-47D7-44FB-B8AA-FD37A9322165}.Debug|Any CPU.ActiveCfg = Debug|Any CPU
		{7A411E3E-47D7-44FB-B8AA-FD37A9322165}.Debug|Any CPU.Build.0 = Debug|Any CPU
		{7A411E3E-47D7-44FB-B8AA-FD37A9322165}.Release|Any CPU.ActiveCfg = Release|Any CPU
		{7A411E3E-47D7-44FB-B8AA-FD37A9322165}.Release|Any CPU.Build.0 = Release|Any CPU
		{45AF164F-9842-4420-94BE-C468E51073B2}.Debug|Any CPU.ActiveCfg = Debug|Any CPU
		{45AF164F-9842-4420-94BE-C468E51073B2}.Debug|Any CPU.Build.0 = Debug|Any CPU
		{45AF164F-9842-4420-94BE-C468E51073B2}.Release|Any CPU.ActiveCfg = Release|Any CPU
		{45AF164F-9842-4420-94BE-C468E51073B2}.Release|Any CPU.Build.0 = Release|Any CPU
	EndGlobalSection
	GlobalSection(SolutionProperties) = preSolution
		HideSolutionNode = FALSE
	EndGlobalSection
	GlobalSection(ExtensibilityGlobals) = postSolution
		SolutionGuid = {EB80C42E-9704-4E38-853F-E65D15CD8709}
	EndGlobalSection
EndGlobal
